
Microsoft Visual Studio Solution File, Format Version 12.00
# Visual Studio Version 17
VisualStudioVersion = 17.7.34024.191
MinimumVisualStudioVersion = 10.0.40219.1
Project("{FAE04EC0-301F-11D3-BF4B-00C04F79EFBC}") = "GrayscaleImageConverter", "GrayscaleImageConverter.csproj", "{C1F29DAC-CE38-4AB5-A5D2-17386AF5B493}"
EndProject
Global
	GlobalSection(SolutionConfigurationPlatforms) = preSolution
		Debug|Any CPU = Debug|Any CPU
		Release|Any CPU = Release|Any CPU
	EndGlobalSection
	GlobalSection(ProjectConfigurationPlatforms) = postSolution
		{C1F29DAC-CE38-4AB5-A5D2-17386AF5B493}.Debug|Any CPU.ActiveCfg = Debug|Any CPU
		{C1F29DAC-CE38-4AB5-A5D2-17386AF5B493}.Debug|Any CPU.Build.0 = Debug|Any CPU
		{C1F29DAC-CE38-4AB5-A5D2-17386AF5B493}.Release|Any CPU.ActiveCfg = Release|Any CPU
		{C1F29DAC-CE38-4AB5-A5D2-17386AF5B493}.Release|Any CPU.Build.0 = Release|Any CPU
	EndGlobalSection
	GlobalSection(SolutionProperties) = preSolution
		HideSolutionNode = FALSE
	EndGlobalSection
	GlobalSection(ExtensibilityGlobals) = postSolution
		SolutionGuid = {4D4FBC53-846F-4826-ABC3-EFA9D39F99A2}
	EndGlobalSection
EndGlobal
